
Microsoft Visual Studio Solution File, Format Version 12.00
# Visual Studio Version 16
VisualStudioVersion = 16.0.29709.97
MinimumVisualStudioVersion = 10.0.40219.1
Project("{FAE04EC0-301F-11D3-BF4B-00C04F79EFBC}") = "kassa", "kassa\kassa.csproj", "{6A61D019-CEF7-4B8B-B132-F0433EFC0D9A}"
EndProject
Global
	GlobalSection(SolutionConfigurationPlatforms) = preSolution
		Debug|Any CPU = Debug|Any CPU
		Release|Any CPU = Release|Any CPU
	EndGlobalSection
	GlobalSection(ProjectConfigurationPlatforms) = postSolution
		{6A61D019-CEF7-4B8B-B132-F0433EFC0D9A}.Debug|Any CPU.ActiveCfg = Debug|Any CPU
		{6A61D019-CEF7-4B8B-B132-F0433EFC0D9A}.Debug|Any CPU.Build.0 = Debug|Any CPU
		{6A61D019-CEF7-4B8B-B132-F0433EFC0D9A}.Release|Any CPU.ActiveCfg = Release|Any CPU
		{6A61D019-CEF7-4B8B-B132-F0433EFC0D9A}.Release|Any CPU.Build.0 = Release|Any CPU
	EndGlobalSection
	GlobalSection(SolutionProperties) = preSolution
		HideSolutionNode = FALSE
	EndGlobalSection
	GlobalSection(ExtensibilityGlobals) = postSolution
		SolutionGuid = {78F2A095-4D38-4A95-AF14-C7678BE212AE}
	EndGlobalSection
EndGlobal
